
Microsoft Visual Studio Solution File, Format Version 12.00
# Visual Studio Version 16
VisualStudioVersion = 16.0.34729.46
MinimumVisualStudioVersion = 10.0.40219.1
Project("{FAE04EC0-301F-11D3-BF4B-00C04F79EFBC}") = "String_Fonksiyonlari", "String_Fonksiyonlari\String_Fonksiyonlari.csproj", "{8FBABAF7-5059-4A4D-960A-A2927F3D4F27}"
EndProject
Global
	GlobalSection(SolutionConfigurationPlatforms) = preSolution
		Debug|Any CPU = Debug|Any CPU
		Release|Any CPU = Release|Any CPU
	EndGlobalSection
	GlobalSection(ProjectConfigurationPlatforms) = postSolution
		{8FBABAF7-5059-4A4D-960A-A2927F3D4F27}.Debug|Any CPU.ActiveCfg = Debug|Any CPU
		{8FBABAF7-5059-4A4D-960A-A2927F3D4F27}.Debug|Any CPU.Build.0 = Debug|Any CPU
		{8FBABAF7-5059-4A4D-960A-A2927F3D4F27}.Release|Any CPU.ActiveCfg = Release|Any CPU
		{8FBABAF7-5059-4A4D-960A-A2927F3D4F27}.Release|Any CPU.Build.0 = Release|Any CPU
	EndGlobalSection
	GlobalSection(SolutionProperties) = preSolution
		HideSolutionNode = FALSE
	EndGlobalSection
	GlobalSection(ExtensibilityGlobals) = postSolution
		SolutionGuid = {DB4E96DA-039A-41A4-A0A6-8B47A26CD28C}
	EndGlobalSection
EndGlobal
